
Microsoft Visual Studio Solution File, Format Version 12.00
# Visual Studio 15
VisualStudioVersion = 15.0.28307.136
MinimumVisualStudioVersion = 10.0.40219.1
Project("{FAE04EC0-301F-11D3-BF4B-00C04F79EFBC}") = "GoogleParser", "GoogleParser\GoogleParser.csproj", "{FDF3B5F9-E2FD-43B4-911D-FC911E6C6ECB}"
EndProject
Global
	GlobalSection(SolutionConfigurationPlatforms) = preSolution
		Debug|Any CPU = Debug|Any CPU
		Release|Any CPU = Release|Any CPU
	EndGlobalSection
	GlobalSection(ProjectConfigurationPlatforms) = postSolution
		{FDF3B5F9-E2FD-43B4-911D-FC911E6C6ECB}.Debug|Any CPU.ActiveCfg = Debug|Any CPU
		{FDF3B5F9-E2FD-43B4-911D-FC911E6C6ECB}.Debug|Any CPU.Build.0 = Debug|Any CPU
		{FDF3B5F9-E2FD-43B4-911D-FC911E6C6ECB}.Release|Any CPU.ActiveCfg = Release|Any CPU
		{FDF3B5F9-E2FD-43B4-911D-FC911E6C6ECB}.Release|Any CPU.Build.0 = Release|Any CPU
	EndGlobalSection
	GlobalSection(SolutionProperties) = preSolution
		HideSolutionNode = FALSE
	EndGlobalSection
	GlobalSection(ExtensibilityGlobals) = postSolution
		SolutionGuid = {46484527-F454-4315-AC40-CF638421B579}
	EndGlobalSection
EndGlobal
